
Microsoft Visual Studio Solution File, Format Version 12.00
# Visual Studio 15
VisualStudioVersion = 15.0.28307.572
MinimumVisualStudioVersion = 10.0.40219.1
Project("{FAE04EC0-301F-11D3-BF4B-00C04F79EFBC}") = "Taskworld.Structure", "Taskworld.Structure\Taskworld.Structure.csproj", "{C691D0D2-F3F1-4342-B0CC-004D463A9835}"
EndProject
Project("{FAE04EC0-301F-11D3-BF4B-00C04F79EFBC}") = "Taskworld.Core", "Taskworld.Core\Taskworld.Core.csproj", "{2F586560-F138-417D-BA65-698AFC5C44BD}"
EndProject
Project("{FAE04EC0-301F-11D3-BF4B-00C04F79EFBC}") = "Taskworld.Tests", "Taskworld.Tests\Taskworld.Tests.csproj", "{154BF793-65EE-49BA-A778-0E8D28C41C64}"
EndProject
Global
	GlobalSection(SolutionConfigurationPlatforms) = preSolution
		Debug|Any CPU = Debug|Any CPU
		Release|Any CPU = Release|Any CPU
	EndGlobalSection
	GlobalSection(ProjectConfigurationPlatforms) = postSolution
		{C691D0D2-F3F1-4342-B0CC-004D463A9835}.Debug|Any CPU.ActiveCfg = Debug|Any CPU
		{C691D0D2-F3F1-4342-B0CC-004D463A9835}.Debug|Any CPU.Build.0 = Debug|Any CPU
		{C691D0D2-F3F1-4342-B0CC-004D463A9835}.Release|Any CPU.ActiveCfg = Release|Any CPU
		{C691D0D2-F3F1-4342-B0CC-004D463A9835}.Release|Any CPU.Build.0 = Release|Any CPU
		{2F586560-F138-417D-BA65-698AFC5C44BD}.Debug|Any CPU.ActiveCfg = Debug|Any CPU
		{2F586560-F138-417D-BA65-698AFC5C44BD}.Debug|Any CPU.Build.0 = Debug|Any CPU
		{2F586560-F138-417D-BA65-698AFC5C44BD}.Release|Any CPU.ActiveCfg = Release|Any CPU
		{2F586560-F138-417D-BA65-698AFC5C44BD}.Release|Any CPU.Build.0 = Release|Any CPU
		{154BF793-65EE-49BA-A778-0E8D28C41C64}.Debug|Any CPU.ActiveCfg = Debug|Any CPU
		{154BF793-65EE-49BA-A778-0E8D28C41C64}.Debug|Any CPU.Build.0 = Debug|Any CPU
		{154BF793-65EE-49BA-A778-0E8D28C41C64}.Release|Any CPU.ActiveCfg = Release|Any CPU
		{154BF793-65EE-49BA-A778-0E8D28C41C64}.Release|Any CPU.Build.0 = Release|Any CPU
	EndGlobalSection
	GlobalSection(SolutionProperties) = preSolution
		HideSolutionNode = FALSE
	EndGlobalSection
	GlobalSection(ExtensibilityGlobals) = postSolution
		SolutionGuid = {DE7AFC72-E223-4454-8827-6E52AE4BEE20}
	EndGlobalSection
EndGlobal
